// !$*UTF8*$!
{
	archiveVersion = 1;
	classes = {
	};
	objectVersion = 46;
	objects = {

/* Begin PBXBuildFile section */
		772FB0231DA0756400E0399C /* RegistrationViewController.swift in Sources */ = {isa = PBXBuildFile; fileRef = 772FB0221DA0756400E0399C /* RegistrationViewController.swift */; };
		772FB0251DA08AD900E0399C /* SettingsTableViewController.swift in Sources */ = {isa = PBXBuildFile; fileRef = 772FB0241DA08AD900E0399C /* SettingsTableViewController.swift */; };
		7736DA511D91AF8300AE4792 /* SearchResultTableViewCell.swift in Sources */ = {isa = PBXBuildFile; fileRef = 7736DA501D91AF8300AE4792 /* SearchResultTableViewCell.swift */; };
		7736DA531D91B8EE00AE4792 /* SearchResultTableViewController.swift in Sources */ = {isa = PBXBuildFile; fileRef = 7736DA521D91B8EE00AE4792 /* SearchResultTableViewController.swift */; };
		7736DA571D928FB300AE4792 /* TagButton.swift in Sources */ = {isa = PBXBuildFile; fileRef = 7736DA561D928FB300AE4792 /* TagButton.swift */; };
		775EF93C1DA7AE43005FA117 /* UIColor+CustomColor.swift in Sources */ = {isa = PBXBuildFile; fileRef = 775EF93B1DA7AE42005FA117 /* UIColor+CustomColor.swift */; };
		775EF94D1DAAB6DA005FA117 /* FeedViewController.swift in Sources */ = {isa = PBXBuildFile; fileRef = 775EF94C1DAAB6DA005FA117 /* FeedViewController.swift */; };
		775EF94F1DAABA1D005FA117 /* GoogleService-Info.plist in Resources */ = {isa = PBXBuildFile; fileRef = 775EF94E1DAABA1D005FA117 /* GoogleService-Info.plist */; };
		775EF9511DAEA6D5005FA117 /* DataService.swift in Sources */ = {isa = PBXBuildFile; fileRef = 775EF9501DAEA6D5005FA117 /* DataService.swift */; };
		775EF9531DAEDD7A005FA117 /* FeedTableViewCell.swift in Sources */ = {isa = PBXBuildFile; fileRef = 775EF9521DAEDD79005FA117 /* FeedTableViewCell.swift */; };
		775EF9551DAEDD8E005FA117 /* FeedPost.swift in Sources */ = {isa = PBXBuildFile; fileRef = 775EF9541DAEDD8E005FA117 /* FeedPost.swift */; };
		775EF9571DAEE5BB005FA117 /* FeedObject.swift in Sources */ = {isa = PBXBuildFile; fileRef = 775EF9561DAEE5BA005FA117 /* FeedObject.swift */; };
		775EF9591DAFB7F8005FA117 /* PostViewController.swift in Sources */ = {isa = PBXBuildFile; fileRef = 775EF9581DAFB7F8005FA117 /* PostViewController.swift */; };
		775EF95B1DB0C613005FA117 /* User.swift in Sources */ = {isa = PBXBuildFile; fileRef = 775EF95A1DB0C613005FA117 /* User.swift */; };
		7764FD781D9DC56A00FA6C7D /* LogInViewController.swift in Sources */ = {isa = PBXBuildFile; fileRef = 7764FD771D9DC56A00FA6C7D /* LogInViewController.swift */; };
		77839E731D8AD4CD0088B070 /* AppDelegate.swift in Sources */ = {isa = PBXBuildFile; fileRef = 77839E721D8AD4CD0088B070 /* AppDelegate.swift */; };
		77839E781D8AD4CD0088B070 /* Main.storyboard in Resources */ = {isa = PBXBuildFile; fileRef = 77839E761D8AD4CD0088B070 /* Main.storyboard */; };
		77839E7D1D8AD4CD0088B070 /* LaunchScreen.storyboard in Resources */ = {isa = PBXBuildFile; fileRef = 77839E7B1D8AD4CD0088B070 /* LaunchScreen.storyboard */; };
		77839E851D8AD50E0088B070 /* SearchCollectionViewController.swift in Sources */ = {isa = PBXBuildFile; fileRef = 77839E841D8AD50E0088B070 /* SearchCollectionViewController.swift */; };
		77839E871D8AD5700088B070 /* SearchCollectionViewCell.swift in Sources */ = {isa = PBXBuildFile; fileRef = 77839E861D8AD5700088B070 /* SearchCollectionViewCell.swift */; };
		77839E8B1D8AEF1F0088B070 /* IngridientsChoice.swift in Sources */ = {isa = PBXBuildFile; fileRef = 77839E8A1D8AEF1F0088B070 /* IngridientsChoice.swift */; };
		77839E8D1D8AFC2E0088B070 /* RobotoTTF in Resources */ = {isa = PBXBuildFile; fileRef = 77839E8C1D8AFC2E0088B070 /* RobotoTTF */; };
		77839E9C1D8B4ACF0088B070 /* SWRevealViewController.m in Sources */ = {isa = PBXBuildFile; fileRef = 77839E9B1D8B4ACF0088B070 /* SWRevealViewController.m */; };
		77839EA21D8B56550088B070 /* IngridientsChoiceTableViewController.swift in Sources */ = {isa = PBXBuildFile; fileRef = 77839EA11D8B56550088B070 /* IngridientsChoiceTableViewController.swift */; };
		77839EA41D8BEFE30088B070 /* RecipeSearch.swift in Sources */ = {isa = PBXBuildFile; fileRef = 77839EA31D8BEFE30088B070 /* RecipeSearch.swift */; };
		77839EA61D8BF0D20088B070 /* Recipe.swift in Sources */ = {isa = PBXBuildFile; fileRef = 77839EA51D8BF0D20088B070 /* Recipe.swift */; };
		77839EA81D8BF3500088B070 /* RecipeSearchResult.swift in Sources */ = {isa = PBXBuildFile; fileRef = 77839EA71D8BF3500088B070 /* RecipeSearchResult.swift */; };
		77839EAA1D8BFE750088B070 /* IngredientsDetailTableViewController.swift in Sources */ = {isa = PBXBuildFile; fileRef = 77839EA91D8BFE750088B070 /* IngredientsDetailTableViewController.swift */; };
		77839EB01D8C47430088B070 /* SearchCollectionReusableView.swift in Sources */ = {isa = PBXBuildFile; fileRef = 77839EAF1D8C47430088B070 /* SearchCollectionReusableView.swift */; };
		7794705A1D9A65850059ECF0 /* RevealViewController.swift in Sources */ = {isa = PBXBuildFile; fileRef = 779470591D9A65850059ECF0 /* RevealViewController.swift */; };
		7794705C1D9A9B530059ECF0 /* RecipeTypeCollectionViewController.swift in Sources */ = {isa = PBXBuildFile; fileRef = 7794705B1D9A9B530059ECF0 /* RecipeTypeCollectionViewController.swift */; };
		7794705E1D9A9B8B0059ECF0 /* TypeCollectionViewCell.swift in Sources */ = {isa = PBXBuildFile; fileRef = 7794705D1D9A9B8B0059ECF0 /* TypeCollectionViewCell.swift */; };
		77AE5A4B1DA658090015B43E /* PrettyNavigationBar.swift in Sources */ = {isa = PBXBuildFile; fileRef = 77AE5A4A1DA658090015B43E /* PrettyNavigationBar.swift */; };
		77AE5A4D1DA6C6990015B43E /* bebas_neue in Resources */ = {isa = PBXBuildFile; fileRef = 77AE5A4C1DA6C6990015B43E /* bebas_neue */; };
		77B3407B1D9C32B600501EDF /* Assets.xcassets in Resources */ = {isa = PBXBuildFile; fileRef = 77B3407A1D9C32B600501EDF /* Assets.xcassets */; };
		9D67AF5E7EFD22A2FED3338B /* Pods_TopMeal2.framework in Frameworks */ = {isa = PBXBuildFile; fileRef = CCC5641744CAC0DAC7B99648 /* Pods_TopMeal2.framework */; };
/* End PBXBuildFile section */

/* Begin PBXFileReference section */
		0D59B9402575A0B92E644B6F /* Pods-TopMeal2.debug.xcconfig */ = {isa = PBXFileReference; includeInIndex = 1; lastKnownFileType = text.xcconfig; name = "Pods-TopMeal2.debug.xcconfig"; path = "Pods/Target Support Files/Pods-TopMeal2/Pods-TopMeal2.debug.xcconfig"; sourceTree = "<group>"; };
		772FB0221DA0756400E0399C /* RegistrationViewController.swift */ = {isa = PBXFileReference; fileEncoding = 4; lastKnownFileType = sourcecode.swift; path = RegistrationViewController.swift; sourceTree = "<group>"; };
		772FB0241DA08AD900E0399C /* SettingsTableViewController.swift */ = {isa = PBXFileReference; fileEncoding = 4; lastKnownFileType = sourcecode.swift; path = SettingsTableViewController.swift; sourceTree = "<group>"; };
		7736DA501D91AF8300AE4792 /* SearchResultTableViewCell.swift */ = {isa = PBXFileReference; fileEncoding = 4; lastKnownFileType = sourcecode.swift; path = SearchResultTableViewCell.swift; sourceTree = "<group>"; };
		7736DA521D91B8EE00AE4792 /* SearchResultTableViewController.swift */ = {isa = PBXFileReference; fileEncoding = 4; lastKnownFileType = sourcecode.swift; path = SearchResultTableViewController.swift; sourceTree = "<group>"; };
		7736DA561D928FB300AE4792 /* TagButton.swift */ = {isa = PBXFileReference; fileEncoding = 4; lastKnownFileType = sourcecode.swift; path = TagButton.swift; sourceTree = "<group>"; };
		775EF93B1DA7AE42005FA117 /* UIColor+CustomColor.swift */ = {isa = PBXFileReference; fileEncoding = 4; lastKnownFileType = sourcecode.swift; path = "UIColor+CustomColor.swift"; sourceTree = "<group>"; };
		775EF94C1DAAB6DA005FA117 /* FeedViewController.swift */ = {isa = PBXFileReference; fileEncoding = 4; lastKnownFileType = sourcecode.swift; path = FeedViewController.swift; sourceTree = "<group>"; };
		775EF94E1DAABA1D005FA117 /* GoogleService-Info.plist */ = {isa = PBXFileReference; fileEncoding = 4; lastKnownFileType = text.plist.xml; path = "GoogleService-Info.plist"; sourceTree = "<group>"; };
		775EF9501DAEA6D5005FA117 /* DataService.swift */ = {isa = PBXFileReference; fileEncoding = 4; lastKnownFileType = sourcecode.swift; path = DataService.swift; sourceTree = "<group>"; };
		775EF9521DAEDD79005FA117 /* FeedTableViewCell.swift */ = {isa = PBXFileReference; fileEncoding = 4; lastKnownFileType = sourcecode.swift; path = FeedTableViewCell.swift; sourceTree = "<group>"; };
		775EF9541DAEDD8E005FA117 /* FeedPost.swift */ = {isa = PBXFileReference; fileEncoding = 4; lastKnownFileType = sourcecode.swift; path = FeedPost.swift; sourceTree = "<group>"; };
		775EF9561DAEE5BA005FA117 /* FeedObject.swift */ = {isa = PBXFileReference; fileEncoding = 4; lastKnownFileType = sourcecode.swift; path = FeedObject.swift; sourceTree = "<group>"; };
		775EF9581DAFB7F8005FA117 /* PostViewController.swift */ = {isa = PBXFileReference; fileEncoding = 4; lastKnownFileType = sourcecode.swift; path = PostViewController.swift; sourceTree = "<group>"; };
		775EF95A1DB0C613005FA117 /* User.swift */ = {isa = PBXFileReference; fileEncoding = 4; lastKnownFileType = sourcecode.swift; path = User.swift; sourceTree = "<group>"; };
		7764FD771D9DC56A00FA6C7D /* LogInViewController.swift */ = {isa = PBXFileReference; fileEncoding = 4; lastKnownFileType = sourcecode.swift; path = LogInViewController.swift; sourceTree = "<group>"; };
		7764FD791D9E864E00FA6C7D /* TopMeal2.entitlements */ = {isa = PBXFileReference; lastKnownFileType = text.plist.entitlements; path = TopMeal2.entitlements; sourceTree = "<group>"; };
		77839E6F1D8AD4CD0088B070 /* TopMeal2.app */ = {isa = PBXFileReference; explicitFileType = wrapper.application; includeInIndex = 0; path = TopMeal2.app; sourceTree = BUILT_PRODUCTS_DIR; };
		77839E721D8AD4CD0088B070 /* AppDelegate.swift */ = {isa = PBXFileReference; lastKnownFileType = sourcecode.swift; path = AppDelegate.swift; sourceTree = "<group>"; };
		77839E771D8AD4CD0088B070 /* Base */ = {isa = PBXFileReference; lastKnownFileType = file.storyboard; name = Base; path = Base.lproj/Main.storyboard; sourceTree = "<group>"; };
		77839E7C1D8AD4CD0088B070 /* Base */ = {isa = PBXFileReference; lastKnownFileType = file.storyboard; name = Base; path = Base.lproj/LaunchScreen.storyboard; sourceTree = "<group>"; };
		77839E7E1D8AD4CD0088B070 /* Info.plist */ = {isa = PBXFileReference; lastKnownFileType = text.plist.xml; path = Info.plist; sourceTree = "<group>"; };
		77839E841D8AD50E0088B070 /* SearchCollectionViewController.swift */ = {isa = PBXFileReference; fileEncoding = 4; lastKnownFileType = sourcecode.swift; path = SearchCollectionViewController.swift; sourceTree = "<group>"; };
		77839E861D8AD5700088B070 /* SearchCollectionViewCell.swift */ = {isa = PBXFileReference; fileEncoding = 4; lastKnownFileType = sourcecode.swift; path = SearchCollectionViewCell.swift; sourceTree = "<group>"; };
		77839E8A1D8AEF1F0088B070 /* IngridientsChoice.swift */ = {isa = PBXFileReference; fileEncoding = 4; lastKnownFileType = sourcecode.swift; path = IngridientsChoice.swift; sourceTree = "<group>"; };
		77839E8C1D8AFC2E0088B070 /* RobotoTTF */ = {isa = PBXFileReference; lastKnownFileType = folder; path = RobotoTTF; sourceTree = "<group>"; };
		77839E991D8B4ACF0088B070 /* TopMeal2-Bridging-Header.h */ = {isa = PBXFileReference; lastKnownFileType = sourcecode.c.h; path = "TopMeal2-Bridging-Header.h"; sourceTree = "<group>"; };
		77839E9A1D8B4ACF0088B070 /* SWRevealViewController.h */ = {isa = PBXFileReference; fileEncoding = 4; lastKnownFileType = sourcecode.c.h; path = SWRevealViewController.h; sourceTree = "<group>"; };
		77839E9B1D8B4ACF0088B070 /* SWRevealViewController.m */ = {isa = PBXFileReference; fileEncoding = 4; lastKnownFileType = sourcecode.c.objc; path = SWRevealViewController.m; sourceTree = "<group>"; };
		77839EA11D8B56550088B070 /* IngridientsChoiceTableViewController.swift */ = {isa = PBXFileReference; fileEncoding = 4; lastKnownFileType = sourcecode.swift; path = IngridientsChoiceTableViewController.swift; sourceTree = "<group>"; };
		77839EA31D8BEFE30088B070 /* RecipeSearch.swift */ = {isa = PBXFileReference; fileEncoding = 4; lastKnownFileType = sourcecode.swift; path = RecipeSearch.swift; sourceTree = "<group>"; };
		77839EA51D8BF0D20088B070 /* Recipe.swift */ = {isa = PBXFileReference; fileEncoding = 4; lastKnownFileType = sourcecode.swift; path = Recipe.swift; sourceTree = "<group>"; };
		77839EA71D8BF3500088B070 /* RecipeSearchResult.swift */ = {isa = PBXFileReference; fileEncoding = 4; lastKnownFileType = sourcecode.swift; path = RecipeSearchResult.swift; sourceTree = "<group>"; };
		77839EA91D8BFE750088B070 /* IngredientsDetailTableViewController.swift */ = {isa = PBXFileReference; fileEncoding = 4; lastKnownFileType = sourcecode.swift; path = IngredientsDetailTableViewController.swift; sourceTree = "<group>"; };
		77839EAF1D8C47430088B070 /* SearchCollectionReusableView.swift */ = {isa = PBXFileReference; fileEncoding = 4; lastKnownFileType = sourcecode.swift; path = SearchCollectionReusableView.swift; sourceTree = "<group>"; };
		779470591D9A65850059ECF0 /* RevealViewController.swift */ = {isa = PBXFileReference; fileEncoding = 4; lastKnownFileType = sourcecode.swift; path = RevealViewController.swift; sourceTree = "<group>"; };
		7794705B1D9A9B530059ECF0 /* RecipeTypeCollectionViewController.swift */ = {isa = PBXFileReference; fileEncoding = 4; lastKnownFileType = sourcecode.swift; path = RecipeTypeCollectionViewController.swift; sourceTree = "<group>"; };
		7794705D1D9A9B8B0059ECF0 /* TypeCollectionViewCell.swift */ = {isa = PBXFileReference; fileEncoding = 4; lastKnownFileType = sourcecode.swift; path = TypeCollectionViewCell.swift; sourceTree = "<group>"; };
		77AE5A4A1DA658090015B43E /* PrettyNavigationBar.swift */ = {isa = PBXFileReference; fileEncoding = 4; lastKnownFileType = sourcecode.swift; path = PrettyNavigationBar.swift; sourceTree = "<group>"; };
		77AE5A4C1DA6C6990015B43E /* bebas_neue */ = {isa = PBXFileReference; lastKnownFileType = folder; path = bebas_neue; sourceTree = "<group>"; };
		77B3407A1D9C32B600501EDF /* Assets.xcassets */ = {isa = PBXFileReference; lastKnownFileType = folder.assetcatalog; path = Assets.xcassets; sourceTree = "<group>"; };
		CCC5641744CAC0DAC7B99648 /* Pods_TopMeal2.framework */ = {isa = PBXFileReference; explicitFileType = wrapper.framework; includeInIndex = 0; path = Pods_TopMeal2.framework; sourceTree = BUILT_PRODUCTS_DIR; };
		EF2D6B7D62EC895F788E532D /* Pods-TopMeal2.release.xcconfig */ = {isa = PBXFileReference; includeInIndex = 1; lastKnownFileType = text.xcconfig; name = "Pods-TopMeal2.release.xcconfig"; path = "Pods/Target Support Files/Pods-TopMeal2/Pods-TopMeal2.release.xcconfig"; sourceTree = "<group>"; };
/* End PBXFileReference section */

/* Begin PBXFrameworksBuildPhase section */
		77839E6C1D8AD4CD0088B070 /* Frameworks */ = {
			isa = PBXFrameworksBuildPhase;
			buildActionMask = 2147483647;
			files = (
				9D67AF5E7EFD22A2FED3338B /* Pods_TopMeal2.framework in Frameworks */,
			);
			runOnlyForDeploymentPostprocessing = 0;
		};
/* End PBXFrameworksBuildPhase section */

/* Begin PBXGroup section */
		0F0707706851BDCAAA8F53AB /* Pods */ = {
			isa = PBXGroup;
			children = (
				0D59B9402575A0B92E644B6F /* Pods-TopMeal2.debug.xcconfig */,
				EF2D6B7D62EC895F788E532D /* Pods-TopMeal2.release.xcconfig */,
			);
			name = Pods;
			sourceTree = "<group>";
		};
		4CD7DDB23B2702B00BAFB831 /* Frameworks */ = {
			isa = PBXGroup;
			children = (
				CCC5641744CAC0DAC7B99648 /* Pods_TopMeal2.framework */,
			);
			name = Frameworks;
			sourceTree = "<group>";
		};
		7736DA4F1D91AD9500AE4792 /* Search Results */ = {
			isa = PBXGroup;
			children = (
				775EF9461DA9103F005FA117 /* Controller */,
				775EF9451DA91038005FA117 /* View */,
				775EF9441DA91032005FA117 /* Model */,
			);
			name = "Search Results";
			sourceTree = "<group>";
		};
		775EF93D1DA90FB4005FA117 /* Login And Registration */ = {
			isa = PBXGroup;
			children = (
				775EF9401DA90FE0005FA117 /* View */,
				775EF93F1DA90FDA005FA117 /* Model */,
				775EF93E1DA90FCB005FA117 /* Controller */,
			);
			name = "Login And Registration";
			sourceTree = "<group>";
		};
		775EF93E1DA90FCB005FA117 /* Controller */ = {
			isa = PBXGroup;
			children = (
				772FB0221DA0756400E0399C /* RegistrationViewController.swift */,
				7764FD771D9DC56A00FA6C7D /* LogInViewController.swift */,
			);
			name = Controller;
			sourceTree = "<group>";
		};
		775EF93F1DA90FDA005FA117 /* Model */ = {
			isa = PBXGroup;
			children = (
			);
			name = Model;
			sourceTree = "<group>";
		};
		775EF9401DA90FE0005FA117 /* View */ = {
			isa = PBXGroup;
			children = (
			);
			name = View;
			sourceTree = "<group>";
		};
		775EF9411DA90FF8005FA117 /* Model */ = {
			isa = PBXGroup;
			children = (
				77839EA51D8BF0D20088B070 /* Recipe.swift */,
			);
			name = Model;
			sourceTree = "<group>";
		};
		775EF9421DA90FFD005FA117 /* View */ = {
			isa = PBXGroup;
			children = (
				7736DA561D928FB300AE4792 /* TagButton.swift */,
				77AE5A4A1DA658090015B43E /* PrettyNavigationBar.swift */,
			);
			name = View;
			sourceTree = "<group>";
		};
		775EF9431DA91001005FA117 /* Controller */ = {
			isa = PBXGroup;
			children = (
			);
			name = Controller;
			sourceTree = "<group>";
		};
		775EF9441DA91032005FA117 /* Model */ = {
			isa = PBXGroup;
			children = (
				77839EA71D8BF3500088B070 /* RecipeSearchResult.swift */,
			);
			name = Model;
			sourceTree = "<group>";
		};
		775EF9451DA91038005FA117 /* View */ = {
			isa = PBXGroup;
			children = (
				7736DA501D91AF8300AE4792 /* SearchResultTableViewCell.swift */,
			);
			name = View;
			sourceTree = "<group>";
		};
		775EF9461DA9103F005FA117 /* Controller */ = {
			isa = PBXGroup;
			children = (
				7736DA521D91B8EE00AE4792 /* SearchResultTableViewController.swift */,
				775EF9581DAFB7F8005FA117 /* PostViewController.swift */,
			);
			name = Controller;
			sourceTree = "<group>";
		};
		775EF9491DAA948E005FA117 /* Feed */ = {
			isa = PBXGroup;
			children = (
			);
			name = Feed;
			sourceTree = "<group>";
		};
		77839E661D8AD4CD0088B070 = {
			isa = PBXGroup;
			children = (
				77839E711D8AD4CD0088B070 /* TopMeal2 */,
				77839E701D8AD4CD0088B070 /* Products */,
				0F0707706851BDCAAA8F53AB /* Pods */,
				4CD7DDB23B2702B00BAFB831 /* Frameworks */,
			);
			sourceTree = "<group>";
		};
		77839E701D8AD4CD0088B070 /* Products */ = {
			isa = PBXGroup;
			children = (
				77839E6F1D8AD4CD0088B070 /* TopMeal2.app */,
			);
			name = Products;
			sourceTree = "<group>";
		};
		77839E711D8AD4CD0088B070 /* TopMeal2 */ = {
			isa = PBXGroup;
			children = (
				77839E981D8B4A3D0088B070 /* SWRevealViewController */,
				775EF9411DA90FF8005FA117 /* Model */,
				775EF9421DA90FFD005FA117 /* View */,
				775EF9431DA91001005FA117 /* Controller */,
				77839EAB1D8BFFC60088B070 /* Search Request */,
				7736DA4F1D91AD9500AE4792 /* Search Results */,
				775EF93D1DA90FB4005FA117 /* Login And Registration */,
				775EF9491DAA948E005FA117 /* Feed */,
				77839E721D8AD4CD0088B070 /* AppDelegate.swift */,
				775EF94C1DAAB6DA005FA117 /* FeedViewController.swift */,
				775EF9521DAEDD79005FA117 /* FeedTableViewCell.swift */,
				775EF9541DAEDD8E005FA117 /* FeedPost.swift */,
				775EF95A1DB0C613005FA117 /* User.swift */,
				775EF9561DAEE5BA005FA117 /* FeedObject.swift */,
				775EF93B1DA7AE42005FA117 /* UIColor+CustomColor.swift */,
				772FB0241DA08AD900E0399C /* SettingsTableViewController.swift */,
				77839E761D8AD4CD0088B070 /* Main.storyboard */,
				775EF9501DAEA6D5005FA117 /* DataService.swift */,
				77839E7B1D8AD4CD0088B070 /* LaunchScreen.storyboard */,
				77839E7E1D8AD4CD0088B070 /* Info.plist */,
				775EF94E1DAABA1D005FA117 /* GoogleService-Info.plist */,
				77B3407A1D9C32B600501EDF /* Assets.xcassets */,
				7764FD791D9E864E00FA6C7D /* TopMeal2.entitlements */,
				77839E8E1D8AFC340088B070 /* Fonts */,
			);
			path = TopMeal2;
			sourceTree = "<group>";
		};
		77839E8E1D8AFC340088B070 /* Fonts */ = {
			isa = PBXGroup;
			children = (
				77AE5A4C1DA6C6990015B43E /* bebas_neue */,
				77839E8C1D8AFC2E0088B070 /* RobotoTTF */,
			);
			name = Fonts;
			sourceTree = "<group>";
		};
		77839E981D8B4A3D0088B070 /* SWRevealViewController */ = {
			isa = PBXGroup;
			children = (
				77839E9A1D8B4ACF0088B070 /* SWRevealViewController.h */,
				77839E9B1D8B4ACF0088B070 /* SWRevealViewController.m */,
				77839E991D8B4ACF0088B070 /* TopMeal2-Bridging-Header.h */,
			);
			name = SWRevealViewController;
			sourceTree = "<group>";
		};
		77839EAB1D8BFFC60088B070 /* Search Request */ = {
			isa = PBXGroup;
			children = (
				77839EAC1D8C00180088B070 /* Model */,
				77839EAD1D8C001E0088B070 /* View */,
				77839EAE1D8C002A0088B070 /* Controller */,
			);
			name = "Search Request";
			sourceTree = "<group>";
		};
		77839EAC1D8C00180088B070 /* Model */ = {
			isa = PBXGroup;
			children = (
				77839EA31D8BEFE30088B070 /* RecipeSearch.swift */,
				77839E8A1D8AEF1F0088B070 /* IngridientsChoice.swift */,
			);
			name = Model;
			sourceTree = "<group>";
		};
		77839EAD1D8C001E0088B070 /* View */ = {
			isa = PBXGroup;
			children = (
				77839E861D8AD5700088B070 /* SearchCollectionViewCell.swift */,
				77839EAF1D8C47430088B070 /* SearchCollectionReusableView.swift */,
				7794705D1D9A9B8B0059ECF0 /* TypeCollectionViewCell.swift */,
			);
			name = View;
			sourceTree = "<group>";
		};
		77839EAE1D8C002A0088B070 /* Controller */ = {
			isa = PBXGroup;
			children = (
				7794705B1D9A9B530059ECF0 /* RecipeTypeCollectionViewController.swift */,
				779470591D9A65850059ECF0 /* RevealViewController.swift */,
				77839EA91D8BFE750088B070 /* IngredientsDetailTableViewController.swift */,
				77839E841D8AD50E0088B070 /* SearchCollectionViewController.swift */,
				77839EA11D8B56550088B070 /* IngridientsChoiceTableViewController.swift */,
			);
			name = Controller;
			sourceTree = "<group>";
		};
/* End PBXGroup section */

/* Begin PBXNativeTarget section */
		77839E6E1D8AD4CD0088B070 /* TopMeal2 */ = {
			isa = PBXNativeTarget;
			buildConfigurationList = 77839E811D8AD4CD0088B070 /* Build configuration list for PBXNativeTarget "TopMeal2" */;
			buildPhases = (
				3353095AFDD92F019296B043 /* [CP] Check Pods Manifest.lock */,
				77839E6B1D8AD4CD0088B070 /* Sources */,
				77839E6C1D8AD4CD0088B070 /* Frameworks */,
				77839E6D1D8AD4CD0088B070 /* Resources */,
				ACE1663B10373E20521D5C30 /* [CP] Embed Pods Frameworks */,
				0D95A307ECBDA800AA815847 /* [CP] Copy Pods Resources */,
			);
			buildRules = (
			);
			dependencies = (
			);
			name = TopMeal2;
			productName = TopMeal2;
			productReference = 77839E6F1D8AD4CD0088B070 /* TopMeal2.app */;
			productType = "com.apple.product-type.application";
		};
/* End PBXNativeTarget section */

/* Begin PBXProject section */
		77839E671D8AD4CD0088B070 /* Project object */ = {
			isa = PBXProject;
			attributes = {
				LastSwiftUpdateCheck = 0800;
				LastUpgradeCheck = 0800;
				ORGANIZATIONNAME = ilyaseva;
				TargetAttributes = {
					77839E6E1D8AD4CD0088B070 = {
						CreatedOnToolsVersion = 8.0;
						DevelopmentTeam = VTF7ZS3TTW;
						LastSwiftMigration = 0800;
						ProvisioningStyle = Automatic;
						SystemCapabilities = {
							com.apple.Keychain = {
								enabled = 1;
							};
						};
					};
				};
			};
			buildConfigurationList = 77839E6A1D8AD4CD0088B070 /* Build configuration list for PBXProject "TopMeal2" */;
			compatibilityVersion = "Xcode 3.2";
			developmentRegion = English;
			hasScannedForEncodings = 0;
			knownRegions = (
				en,
				Base,
			);
			mainGroup = 77839E661D8AD4CD0088B070;
			productRefGroup = 77839E701D8AD4CD0088B070 /* Products */;
			projectDirPath = "";
			projectRoot = "";
			targets = (
				77839E6E1D8AD4CD0088B070 /* TopMeal2 */,
			);
		};
/* End PBXProject section */

/* Begin PBXResourcesBuildPhase section */
		77839E6D1D8AD4CD0088B070 /* Resources */ = {
			isa = PBXResourcesBuildPhase;
			buildActionMask = 2147483647;
			files = (
				77AE5A4D1DA6C6990015B43E /* bebas_neue in Resources */,
				77839E7D1D8AD4CD0088B070 /* LaunchScreen.storyboard in Resources */,
				77839E8D1D8AFC2E0088B070 /* RobotoTTF in Resources */,
				77B3407B1D9C32B600501EDF /* Assets.xcassets in Resources */,
				77839E781D8AD4CD0088B070 /* Main.storyboard in Resources */,
				775EF94F1DAABA1D005FA117 /* GoogleService-Info.plist in Resources */,
			);
			runOnlyForDeploymentPostprocessing = 0;
		};
/* End PBXResourcesBuildPhase section */

/* Begin PBXShellScriptBuildPhase section */
		0D95A307ECBDA800AA815847 /* [CP] Copy Pods Resources */ = {
			isa = PBXShellScriptBuildPhase;
			buildActionMask = 2147483647;
			files = (
			);
			inputPaths = (
			);
			name = "[CP] Copy Pods Resources";
			outputPaths = (
			);
			runOnlyForDeploymentPostprocessing = 0;
			shellPath = /bin/sh;
			shellScript = "\"${SRCROOT}/Pods/Target Support Files/Pods-TopMeal2/Pods-TopMeal2-resources.sh\"\n";
			showEnvVarsInLog = 0;
		};
		3353095AFDD92F019296B043 /* [CP] Check Pods Manifest.lock */ = {
			isa = PBXShellScriptBuildPhase;
			buildActionMask = 2147483647;
			files = (
			);
			inputPaths = (
			);
			name = "[CP] Check Pods Manifest.lock";
			outputPaths = (
			);
			runOnlyForDeploymentPostprocessing = 0;
			shellPath = /bin/sh;
			shellScript = "diff \"${PODS_ROOT}/../Podfile.lock\" \"${PODS_ROOT}/Manifest.lock\" > /dev/null\nif [[ $? != 0 ]] ; then\n    cat << EOM\nerror: The sandbox is not in sync with the Podfile.lock. Run 'pod install' or update your CocoaPods installation.\nEOM\n    exit 1\nfi\n";
			showEnvVarsInLog = 0;
		};
		ACE1663B10373E20521D5C30 /* [CP] Embed Pods Frameworks */ = {
			isa = PBXShellScriptBuildPhase;
			buildActionMask = 2147483647;
			files = (
			);
			inputPaths = (
			);
			name = "[CP] Embed Pods Frameworks";
			outputPaths = (
			);
			runOnlyForDeploymentPostprocessing = 0;
			shellPath = /bin/sh;
			shellScript = "\"${SRCROOT}/Pods/Target Support Files/Pods-TopMeal2/Pods-TopMeal2-frameworks.sh\"\n";
			showEnvVarsInLog = 0;
		};
/* End PBXShellScriptBuildPhase section */

/* Begin PBXSourcesBuildPhase section */
		77839E6B1D8AD4CD0088B070 /* Sources */ = {
			isa = PBXSourcesBuildPhase;
			buildActionMask = 2147483647;
			files = (
				775EF94D1DAAB6DA005FA117 /* FeedViewController.swift in Sources */,
				77839E851D8AD50E0088B070 /* SearchCollectionViewController.swift in Sources */,
				77839E8B1D8AEF1F0088B070 /* IngridientsChoice.swift in Sources */,
				77AE5A4B1DA658090015B43E /* PrettyNavigationBar.swift in Sources */,
				775EF9531DAEDD7A005FA117 /* FeedTableViewCell.swift in Sources */,
				772FB0231DA0756400E0399C /* RegistrationViewController.swift in Sources */,
				7764FD781D9DC56A00FA6C7D /* LogInViewController.swift in Sources */,
				77839E731D8AD4CD0088B070 /* AppDelegate.swift in Sources */,
				775EF95B1DB0C613005FA117 /* User.swift in Sources */,
				775EF9571DAEE5BB005FA117 /* FeedObject.swift in Sources */,
				77839EAA1D8BFE750088B070 /* IngredientsDetailTableViewController.swift in Sources */,
				77839E871D8AD5700088B070 /* SearchCollectionViewCell.swift in Sources */,
				77839EA41D8BEFE30088B070 /* RecipeSearch.swift in Sources */,
				7736DA531D91B8EE00AE4792 /* SearchResultTableViewController.swift in Sources */,
				7794705A1D9A65850059ECF0 /* RevealViewController.swift in Sources */,
				7794705C1D9A9B530059ECF0 /* RecipeTypeCollectionViewController.swift in Sources */,
				77839E9C1D8B4ACF0088B070 /* SWRevealViewController.m in Sources */,
				775EF9591DAFB7F8005FA117 /* PostViewController.swift in Sources */,
				77839EA21D8B56550088B070 /* IngridientsChoiceTableViewController.swift in Sources */,
				775EF9511DAEA6D5005FA117 /* DataService.swift in Sources */,
				7794705E1D9A9B8B0059ECF0 /* TypeCollectionViewCell.swift in Sources */,
				77839EB01D8C47430088B070 /* SearchCollectionReusableView.swift in Sources */,
				775EF9551DAEDD8E005FA117 /* FeedPost.swift in Sources */,
				77839EA81D8BF3500088B070 /* RecipeSearchResult.swift in Sources */,
				772FB0251DA08AD900E0399C /* SettingsTableViewController.swift in Sources */,
				775EF93C1DA7AE43005FA117 /* UIColor+CustomColor.swift in Sources */,
				7736DA571D928FB300AE4792 /* TagButton.swift in Sources */,
				7736DA511D91AF8300AE4792 /* SearchResultTableViewCell.swift in Sources */,
				77839EA61D8BF0D20088B070 /* Recipe.swift in Sources */,
			);
			runOnlyForDeploymentPostprocessing = 0;
		};
/* End PBXSourcesBuildPhase section */

/* Begin PBXVariantGroup section */
		77839E761D8AD4CD0088B070 /* Main.storyboard */ = {
			isa = PBXVariantGroup;
			children = (
				77839E771D8AD4CD0088B070 /* Base */,
			);
			name = Main.storyboard;
			sourceTree = "<group>";
		};
		77839E7B1D8AD4CD0088B070 /* LaunchScreen.storyboard */ = {
			isa = PBXVariantGroup;
			children = (
				77839E7C1D8AD4CD0088B070 /* Base */,
			);
			name = LaunchScreen.storyboard;
			sourceTree = "<group>";
		};
/* End PBXVariantGroup section */

/* Begin XCBuildConfiguration section */
		77839E7F1D8AD4CD0088B070 /* Debug */ = {
			isa = XCBuildConfiguration;
			buildSettings = {
				ALWAYS_SEARCH_USER_PATHS = NO;
				CLANG_ANALYZER_NONNULL = YES;
				CLANG_CXX_LANGUAGE_STANDARD = "gnu++0x";
				CLANG_CXX_LIBRARY = "libc++";
				CLANG_ENABLE_MODULES = YES;
				CLANG_ENABLE_OBJC_ARC = YES;
				CLANG_WARN_BOOL_CONVERSION = YES;
				CLANG_WARN_CONSTANT_CONVERSION = YES;
				CLANG_WARN_DIRECT_OBJC_ISA_USAGE = YES_ERROR;
				CLANG_WARN_DOCUMENTATION_COMMENTS = YES;
				CLANG_WARN_EMPTY_BODY = YES;
				CLANG_WARN_ENUM_CONVERSION = YES;
				CLANG_WARN_INFINITE_RECURSION = YES;
				CLANG_WARN_INT_CONVERSION = YES;
				CLANG_WARN_OBJC_ROOT_CLASS = YES_ERROR;
				CLANG_WARN_SUSPICIOUS_MOVES = YES;
				CLANG_WARN_UNREACHABLE_CODE = YES;
				CLANG_WARN__DUPLICATE_METHOD_MATCH = YES;
				"CODE_SIGN_IDENTITY[sdk=iphoneos*]" = "iPhone Developer";
				COPY_PHASE_STRIP = NO;
				DEBUG_INFORMATION_FORMAT = dwarf;
				ENABLE_STRICT_OBJC_MSGSEND = YES;
				ENABLE_TESTABILITY = YES;
				GCC_C_LANGUAGE_STANDARD = gnu99;
				GCC_DYNAMIC_NO_PIC = NO;
				GCC_NO_COMMON_BLOCKS = YES;
				GCC_OPTIMIZATION_LEVEL = 0;
				GCC_PREPROCESSOR_DEFINITIONS = (
					"DEBUG=1",
					"$(inherited)",
				);
				GCC_WARN_64_TO_32_BIT_CONVERSION = YES;
				GCC_WARN_ABOUT_RETURN_TYPE = YES_ERROR;
				GCC_WARN_UNDECLARED_SELECTOR = YES;
				GCC_WARN_UNINITIALIZED_AUTOS = YES_AGGRESSIVE;
				GCC_WARN_UNUSED_FUNCTION = YES;
				GCC_WARN_UNUSED_VARIABLE = YES;
				IPHONEOS_DEPLOYMENT_TARGET = 10.0;
				MTL_ENABLE_DEBUG_INFO = YES;
				ONLY_ACTIVE_ARCH = YES;
				SDKROOT = iphoneos;
				SWIFT_ACTIVE_COMPILATION_CONDITIONS = DEBUG;
				SWIFT_OPTIMIZATION_LEVEL = "-Onone";
			};
			name = Debug;
		};
		77839E801D8AD4CD0088B070 /* Release */ = {
			isa = XCBuildConfiguration;
			buildSettings = {
				ALWAYS_SEARCH_USER_PATHS = NO;
				CLANG_ANALYZER_NONNULL = YES;
				CLANG_CXX_LANGUAGE_STANDARD = "gnu++0x";
				CLANG_CXX_LIBRARY = "libc++";
				CLANG_ENABLE_MODULES = YES;
				CLANG_ENABLE_OBJC_ARC = YES;
				CLANG_WARN_BOOL_CONVERSION = YES;
				CLANG_WARN_CONSTANT_CONVERSION = YES;
				CLANG_WARN_DIRECT_OBJC_ISA_USAGE = YES_ERROR;
				CLANG_WARN_DOCUMENTATION_COMMENTS = YES;
				CLANG_WARN_EMPTY_BODY = YES;
				CLANG_WARN_ENUM_CONVERSION = YES;
				CLANG_WARN_INFINITE_RECURSION = YES;
				CLANG_WARN_INT_CONVERSION = YES;
				CLANG_WARN_OBJC_ROOT_CLASS = YES_ERROR;
				CLANG_WARN_SUSPICIOUS_MOVES = YES;
				CLANG_WARN_UNREACHABLE_CODE = YES;
				CLANG_WARN__DUPLICATE_METHOD_MATCH = YES;
				"CODE_SIGN_IDENTITY[sdk=iphoneos*]" = "iPhone Developer";
				COPY_PHASE_STRIP = NO;
				DEBUG_INFORMATION_FORMAT = "dwarf-with-dsym";
				ENABLE_NS_ASSERTIONS = NO;
				ENABLE_STRICT_OBJC_MSGSEND = YES;
				GCC_C_LANGUAGE_STANDARD = gnu99;
				GCC_NO_COMMON_BLOCKS = YES;
				GCC_WARN_64_TO_32_BIT_CONVERSION = YES;
				GCC_WARN_ABOUT_RETURN_TYPE = YES_ERROR;
				GCC_WARN_UNDECLARED_SELECTOR = YES;
				GCC_WARN_UNINITIALIZED_AUTOS = YES_AGGRESSIVE;
				GCC_WARN_UNUSED_FUNCTION = YES;
				GCC_WARN_UNUSED_VARIABLE = YES;
				IPHONEOS_DEPLOYMENT_TARGET = 10.0;
				MTL_ENABLE_DEBUG_INFO = NO;
				SDKROOT = iphoneos;
				SWIFT_OPTIMIZATION_LEVEL = "-Owholemodule";
				VALIDATE_PRODUCT = YES;
			};
			name = Release;
		};
		77839E821D8AD4CD0088B070 /* Debug */ = {
			isa = XCBuildConfiguration;
			baseConfigurationReference = 0D59B9402575A0B92E644B6F /* Pods-TopMeal2.debug.xcconfig */;
			buildSettings = {
				ASSETCATALOG_COMPILER_APPICON_NAME = AppIcon;
				CLANG_ENABLE_MODULES = YES;
				CODE_SIGN_ENTITLEMENTS = TopMeal2/TopMeal2.entitlements;
				DEVELOPMENT_TEAM = VTF7ZS3TTW;
				INFOPLIST_FILE = TopMeal2/Info.plist;
				LD_RUNPATH_SEARCH_PATHS = "$(inherited) @executable_path/Frameworks";
				PRODUCT_BUNDLE_IDENTIFIER = "topmeal-142219.ilyalapan";
				PRODUCT_NAME = "$(TARGET_NAME)";
				SWIFT_OBJC_BRIDGING_HEADER = "TopMeal2/TopMeal2-Bridging-Header.h";
				SWIFT_OPTIMIZATION_LEVEL = "-Onone";
				SWIFT_VERSION = 3.0;
			};
			name = Debug;
		};
		77839E831D8AD4CD0088B070 /* Release */ = {
			isa = XCBuildConfiguration;
			baseConfigurationReference = EF2D6B7D62EC895F788E532D /* Pods-TopMeal2.release.xcconfig */;
			buildSettings = {
				ASSETCATALOG_COMPILER_APPICON_NAME = AppIcon;
				CLANG_ENABLE_MODULES = YES;
				CODE_SIGN_ENTITLEMENTS = TopMeal2/TopMeal2.entitlements;
				DEVELOPMENT_TEAM = VTF7ZS3TTW;
				INFOPLIST_FILE = TopMeal2/Info.plist;
				LD_RUNPATH_SEARCH_PATHS = "$(inherited) @executable_path/Frameworks";
				PRODUCT_BUNDLE_IDENTIFIER = "topmeal-142219.ilyalapan";
				PRODUCT_NAME = "$(TARGET_NAME)";
				SWIFT_OBJC_BRIDGING_HEADER = "TopMeal2/TopMeal2-Bridging-Header.h";
				SWIFT_VERSION = 3.0;
			};
			name = Release;
		};
/* End XCBuildConfiguration section */

/* Begin XCConfigurationList section */
		77839E6A1D8AD4CD0088B070 /* Build configuration list for PBXProject "TopMeal2" */ = {
			isa = XCConfigurationList;
			buildConfigurations = (
				77839E7F1D8AD4CD0088B070 /* Debug */,
				77839E801D8AD4CD0088B070 /* Release */,
			);
			defaultConfigurationIsVisible = 0;
			defaultConfigurationName = Release;
		};
		77839E811D8AD4CD0088B070 /* Build configuration list for PBXNativeTarget "TopMeal2" */ = {
			isa = XCConfigurationList;
			buildConfigurations = (
				77839E821D8AD4CD0088B070 /* Debug */,
				77839E831D8AD4CD0088B070 /* Release */,
			);
			defaultConfigurationIsVisible = 0;
			defaultConfigurationName = Release;
		};
/* End XCConfigurationList section */
	};
	rootObject = 77839E671D8AD4CD0088B070 /* Project object */;
}
